// !$*UTF8*$!
{
	archiveVersion = 1;
	classes = {
	};
	objectVersion = 56;
	objects = {

/* Begin PBXBuildFile section */
		4B05AB222B894FE100A6562D /* ProductTableViewCell.xib in Resources */ = {isa = PBXBuildFile; fileRef = 4B05AB212B894FE100A6562D /* ProductTableViewCell.xib */; };
		4B0AF3C22B89292100F68A8F /* AppDelegate.swift in Sources */ = {isa = PBXBuildFile; fileRef = 4B0AF3C12B89292100F68A8F /* AppDelegate.swift */; };
		4B0AF3CB2B89292300F68A8F /* Assets.xcassets in Resources */ = {isa = PBXBuildFile; fileRef = 4B0AF3CA2B89292300F68A8F /* Assets.xcassets */; };
		4B0AF3CE2B89292300F68A8F /* LaunchScreen.storyboard in Resources */ = {isa = PBXBuildFile; fileRef = 4B0AF3CC2B89292300F68A8F /* LaunchScreen.storyboard */; };
		4B0AF3E32B89292300F68A8F /* EnuygunCaseUITests.swift in Sources */ = {isa = PBXBuildFile; fileRef = 4B0AF3E22B89292300F68A8F /* EnuygunCaseUITests.swift */; };
		4B0AF3E52B89292300F68A8F /* EnuygunCaseUITestsLaunchTests.swift in Sources */ = {isa = PBXBuildFile; fileRef = 4B0AF3E42B89292300F68A8F /* EnuygunCaseUITestsLaunchTests.swift */; };
		4B0AF3F52B892ACF00F68A8F /* ProductListViewController.swift in Sources */ = {isa = PBXBuildFile; fileRef = 4B0AF3F42B892ACF00F68A8F /* ProductListViewController.swift */; };
		4B0AF3FD2B892B4100F68A8F /* NetworkManager.swift in Sources */ = {isa = PBXBuildFile; fileRef = 4B0AF3FC2B892B4100F68A8F /* NetworkManager.swift */; };
		4B0AF3FF2B892B7800F68A8F /* NetworkEnums.swift in Sources */ = {isa = PBXBuildFile; fileRef = 4B0AF3FE2B892B7800F68A8F /* NetworkEnums.swift */; };
		4B0AF4012B892BA800F68A8F /* Endpoint.swift in Sources */ = {isa = PBXBuildFile; fileRef = 4B0AF4002B892BA800F68A8F /* Endpoint.swift */; };
		4B0AF4032B892C5A00F68A8F /* ProductListService.swift in Sources */ = {isa = PBXBuildFile; fileRef = 4B0AF4022B892C5A00F68A8F /* ProductListService.swift */; };
		4B0AF4062B892DA300F68A8F /* CommonModels.swift in Sources */ = {isa = PBXBuildFile; fileRef = 4B0AF4052B892DA300F68A8F /* CommonModels.swift */; };
		4B0AF4082B892DD700F68A8F /* ProductListResponseModel.swift in Sources */ = {isa = PBXBuildFile; fileRef = 4B0AF4072B892DD700F68A8F /* ProductListResponseModel.swift */; };
		4B0AF40A2B892E3B00F68A8F /* ProductListUseCase.swift in Sources */ = {isa = PBXBuildFile; fileRef = 4B0AF4092B892E3B00F68A8F /* ProductListUseCase.swift */; };
		4B0AF40C2B892E8900F68A8F /* SearchProductService.swift in Sources */ = {isa = PBXBuildFile; fileRef = 4B0AF40B2B892E8900F68A8F /* SearchProductService.swift */; };
		4B0AF40E2B89303200F68A8F /* ProductSearchResponseModel.swift in Sources */ = {isa = PBXBuildFile; fileRef = 4B0AF40D2B89303200F68A8F /* ProductSearchResponseModel.swift */; };
		4B0AF4102B8930E900F68A8F /* ProductListViewModel.swift in Sources */ = {isa = PBXBuildFile; fileRef = 4B0AF40F2B8930E900F68A8F /* ProductListViewModel.swift */; };
		4B0AF4142B89335700F68A8F /* Enums.swift in Sources */ = {isa = PBXBuildFile; fileRef = 4B0AF4132B89335700F68A8F /* Enums.swift */; };
		4B0AF4162B89379000F68A8F /* ProductListUIElementsProvider.swift in Sources */ = {isa = PBXBuildFile; fileRef = 4B0AF4152B89379000F68A8F /* ProductListUIElementsProvider.swift */; };
		4B4076C52B893983006B4F4B /* SnapKit in Frameworks */ = {isa = PBXBuildFile; productRef = 4B4076C42B893983006B4F4B /* SnapKit */; };
		4B4076C72B8939FF006B4F4B /* ProductScreenBuilder.swift in Sources */ = {isa = PBXBuildFile; fileRef = 4B4076C62B8939FF006B4F4B /* ProductScreenBuilder.swift */; };
		4B4076C92B893B25006B4F4B /* AlertManager.swift in Sources */ = {isa = PBXBuildFile; fileRef = 4B4076C82B893B25006B4F4B /* AlertManager.swift */; };
		4B4076CC2B893C41006B4F4B /* RxSwift in Frameworks */ = {isa = PBXBuildFile; productRef = 4B4076CB2B893C41006B4F4B /* RxSwift */; };
		4B4076CF2B893F41006B4F4B /* ProductTableViewCell.swift in Sources */ = {isa = PBXBuildFile; fileRef = 4B4076CE2B893F41006B4F4B /* ProductTableViewCell.swift */; };
		4B4076D12B894209006B4F4B /* RxCocoa in Frameworks */ = {isa = PBXBuildFile; productRef = 4B4076D02B894209006B4F4B /* RxCocoa */; };
		4B82CB582B89620100934BEC /* UIImageViewExtensions.swift in Sources */ = {isa = PBXBuildFile; fileRef = 4B82CB572B89620100934BEC /* UIImageViewExtensions.swift */; };
		4BA7D8CD2B8A158E00676F6F /* TabBarViewController.swift in Sources */ = {isa = PBXBuildFile; fileRef = 4BA7D8CC2B8A158E00676F6F /* TabBarViewController.swift */; };
		4BA7D8D52B8A183000676F6F /* FavoritesViewController.swift in Sources */ = {isa = PBXBuildFile; fileRef = 4BA7D8D42B8A183000676F6F /* FavoritesViewController.swift */; };
		4BA7D8D72B8A19CD00676F6F /* FavoritesManager.swift in Sources */ = {isa = PBXBuildFile; fileRef = 4BA7D8D62B8A19CD00676F6F /* FavoritesManager.swift */; };
		4BA7D8DD2B8A1AEE00676F6F /* ProductDetailViewController.swift in Sources */ = {isa = PBXBuildFile; fileRef = 4BA7D8DC2B8A1AEE00676F6F /* ProductDetailViewController.swift */; };
		4BA7D8E02B8A1B3000676F6F /* ProductDetailUseCase.swift in Sources */ = {isa = PBXBuildFile; fileRef = 4BA7D8DF2B8A1B3000676F6F /* ProductDetailUseCase.swift */; };
		4BA7D8E22B8A1BC200676F6F /* ProductDetailViewModel.swift in Sources */ = {isa = PBXBuildFile; fileRef = 4BA7D8E12B8A1BC200676F6F /* ProductDetailViewModel.swift */; };
		4BA7D8E42B8A1BD100676F6F /* ProductDetailUIElementsProvider.swift in Sources */ = {isa = PBXBuildFile; fileRef = 4BA7D8E32B8A1BD100676F6F /* ProductDetailUIElementsProvider.swift */; };
		4BA7D8E62B8A203D00676F6F /* ProductDetailBuilder.swift in Sources */ = {isa = PBXBuildFile; fileRef = 4BA7D8E52B8A203D00676F6F /* ProductDetailBuilder.swift */; };
		4BA7D8E82B8A34D800676F6F /* FavoritesViewModel.swift in Sources */ = {isa = PBXBuildFile; fileRef = 4BA7D8E72B8A34D800676F6F /* FavoritesViewModel.swift */; };
		4BA7D8EA2B8A34E200676F6F /* FavoritesUseCase.swift in Sources */ = {isa = PBXBuildFile; fileRef = 4BA7D8E92B8A34E200676F6F /* FavoritesUseCase.swift */; };
		4BA7D8EC2B8A350200676F6F /* FavoritesUIElementsProvider.swift in Sources */ = {isa = PBXBuildFile; fileRef = 4BA7D8EB2B8A350200676F6F /* FavoritesUIElementsProvider.swift */; };
		4BA7D8EE2B8A350B00676F6F /* FavoritesBuilder.swift in Sources */ = {isa = PBXBuildFile; fileRef = 4BA7D8ED2B8A350B00676F6F /* FavoritesBuilder.swift */; };
		4BA7D8F02B8A3EF700676F6F /* CartManager.swift in Sources */ = {isa = PBXBuildFile; fileRef = 4BA7D8EF2B8A3EF700676F6F /* CartManager.swift */; };
		4BA7D8F72B8A40DF00676F6F /* CartUseCase.swift in Sources */ = {isa = PBXBuildFile; fileRef = 4BA7D8F62B8A40DF00676F6F /* CartUseCase.swift */; };
		4BA7D8F92B8A41C400676F6F /* CartViewModel.swift in Sources */ = {isa = PBXBuildFile; fileRef = 4BA7D8F82B8A41C400676F6F /* CartViewModel.swift */; };
		4BA7D8FB2B8A42AF00676F6F /* CartUIElementsProvider.swift in Sources */ = {isa = PBXBuildFile; fileRef = 4BA7D8FA2B8A42AF00676F6F /* CartUIElementsProvider.swift */; };
		4BA7D8FD2B8A42FE00676F6F /* CartViewController.swift in Sources */ = {isa = PBXBuildFile; fileRef = 4BA7D8FC2B8A42FE00676F6F /* CartViewController.swift */; };
		4BA7D8FF2B8A438300676F6F /* CartBuilder.swift in Sources */ = {isa = PBXBuildFile; fileRef = 4BA7D8FE2B8A438300676F6F /* CartBuilder.swift */; };
		4BA7D9032B8A4D2900676F6F /* CartTableViewCell.swift in Sources */ = {isa = PBXBuildFile; fileRef = 4BA7D9012B8A4D2900676F6F /* CartTableViewCell.swift */; };
		4BA7D9042B8A4D2900676F6F /* CartTableViewCell.xib in Resources */ = {isa = PBXBuildFile; fileRef = 4BA7D9022B8A4D2900676F6F /* CartTableViewCell.xib */; };
		4BA7D90B2B8A8A5F00676F6F /* CheckoutUseCase.swift in Sources */ = {isa = PBXBuildFile; fileRef = 4BA7D90A2B8A8A5F00676F6F /* CheckoutUseCase.swift */; };
		4BA7D90D2B8A8ACD00676F6F /* CheckoutViewModel.swift in Sources */ = {isa = PBXBuildFile; fileRef = 4BA7D90C2B8A8ACD00676F6F /* CheckoutViewModel.swift */; };
		4BA7D90F2B8A8B3000676F6F /* CheckoutUIElementsProvider.swift in Sources */ = {isa = PBXBuildFile; fileRef = 4BA7D90E2B8A8B3000676F6F /* CheckoutUIElementsProvider.swift */; };
		4BA7D9112B8A8C7A00676F6F /* CheckoutBuilder.swift in Sources */ = {isa = PBXBuildFile; fileRef = 4BA7D9102B8A8C7A00676F6F /* CheckoutBuilder.swift */; };
		4BA7D9132B8A8CA500676F6F /* CheckoutViewController.swift in Sources */ = {isa = PBXBuildFile; fileRef = 4BA7D9122B8A8CA500676F6F /* CheckoutViewController.swift */; };
		4BA7D9162B8A9DFA00676F6F /* Lottie in Frameworks */ = {isa = PBXBuildFile; productRef = 4BA7D9152B8A9DFA00676F6F /* Lottie */; };
		4BA7D9182B8A9E5000676F6F /* mobile-payment.json in Resources */ = {isa = PBXBuildFile; fileRef = 4BA7D9172B8A9E5000676F6F /* mobile-payment.json */; };
		4BA7D91B2B8AA20B00676F6F /* UITextFieldExtensions.swift in Sources */ = {isa = PBXBuildFile; fileRef = 4BA7D91A2B8AA20B00676F6F /* UITextFieldExtensions.swift */; };
		4BA7D91F2B8AABD300676F6F /* CartManagerTests.swift in Sources */ = {isa = PBXBuildFile; fileRef = 4BA7D91E2B8AABD300676F6F /* CartManagerTests.swift */; };
		4BA7D9232B8AB1A800676F6F /* ProductListViewModelTests.swift in Sources */ = {isa = PBXBuildFile; fileRef = 4BA7D9222B8AB1A800676F6F /* ProductListViewModelTests.swift */; };
		4BA7D9252B8AB1E900676F6F /* RxTest in Frameworks */ = {isa = PBXBuildFile; productRef = 4BA7D9242B8AB1E900676F6F /* RxTest */; };
		4BA7D9272B8AB1E900676F6F /* RxTest-Dynamic in Frameworks */ = {isa = PBXBuildFile; productRef = 4BA7D9262B8AB1E900676F6F /* RxTest-Dynamic */; };
		4BA7D9282B8AB1E900676F6F /* RxTest-Dynamic in Embed Frameworks */ = {isa = PBXBuildFile; productRef = 4BA7D9262B8AB1E900676F6F /* RxTest-Dynamic */; settings = {ATTRIBUTES = (CodeSignOnCopy, ); }; };
		4BA7D92C2B8AB34E00676F6F /* ProductListUseCaseMock.swift in Sources */ = {isa = PBXBuildFile; fileRef = 4BA7D92B2B8AB34E00676F6F /* ProductListUseCaseMock.swift */; };
		4BA7D92E2B8AB4D000676F6F /* FavoritesManagerTests.swift in Sources */ = {isa = PBXBuildFile; fileRef = 4BA7D92D2B8AB4D000676F6F /* FavoritesManagerTests.swift */; };
/* End PBXBuildFile section */

/* Begin PBXContainerItemProxy section */
		4B0AF3D52B89292300F68A8F /* PBXContainerItemProxy */ = {
			isa = PBXContainerItemProxy;
			containerPortal = 4B0AF3B62B89292100F68A8F /* Project object */;
			proxyType = 1;
			remoteGlobalIDString = 4B0AF3BD2B89292100F68A8F;
			remoteInfo = EnuygunCase;
		};
		4B0AF3DF2B89292300F68A8F /* PBXContainerItemProxy */ = {
			isa = PBXContainerItemProxy;
			containerPortal = 4B0AF3B62B89292100F68A8F /* Project object */;
			proxyType = 1;
			remoteGlobalIDString = 4B0AF3BD2B89292100F68A8F;
			remoteInfo = EnuygunCase;
		};
/* End PBXContainerItemProxy section */

/* Begin PBXCopyFilesBuildPhase section */
		4BA7D9292B8AB1E900676F6F /* Embed Frameworks */ = {
			isa = PBXCopyFilesBuildPhase;
			buildActionMask = 2147483647;
			dstPath = "";
			dstSubfolderSpec = 10;
			files = (
				4BA7D9282B8AB1E900676F6F /* RxTest-Dynamic in Embed Frameworks */,
			);
			name = "Embed Frameworks";
			runOnlyForDeploymentPostprocessing = 0;
		};
/* End PBXCopyFilesBuildPhase section */

/* Begin PBXFileReference section */
		4B05AB212B894FE100A6562D /* ProductTableViewCell.xib */ = {isa = PBXFileReference; lastKnownFileType = file.xib; path = ProductTableViewCell.xib; sourceTree = "<group>"; };
		4B0AF3BE2B89292100F68A8F /* EnuygunCase.app */ = {isa = PBXFileReference; explicitFileType = wrapper.application; includeInIndex = 0; path = EnuygunCase.app; sourceTree = BUILT_PRODUCTS_DIR; };
		4B0AF3C12B89292100F68A8F /* AppDelegate.swift */ = {isa = PBXFileReference; lastKnownFileType = sourcecode.swift; path = AppDelegate.swift; sourceTree = "<group>"; };
		4B0AF3CA2B89292300F68A8F /* Assets.xcassets */ = {isa = PBXFileReference; lastKnownFileType = folder.assetcatalog; path = Assets.xcassets; sourceTree = "<group>"; };
		4B0AF3CD2B89292300F68A8F /* Base */ = {isa = PBXFileReference; lastKnownFileType = file.storyboard; name = Base; path = Base.lproj/LaunchScreen.storyboard; sourceTree = "<group>"; };
		4B0AF3CF2B89292300F68A8F /* Info.plist */ = {isa = PBXFileReference; lastKnownFileType = text.plist.xml; path = Info.plist; sourceTree = "<group>"; };
		4B0AF3D42B89292300F68A8F /* EnuygunCaseTests.xctest */ = {isa = PBXFileReference; explicitFileType = wrapper.cfbundle; includeInIndex = 0; path = EnuygunCaseTests.xctest; sourceTree = BUILT_PRODUCTS_DIR; };
		4B0AF3DE2B89292300F68A8F /* EnuygunCaseUITests.xctest */ = {isa = PBXFileReference; explicitFileType = wrapper.cfbundle; includeInIndex = 0; path = EnuygunCaseUITests.xctest; sourceTree = BUILT_PRODUCTS_DIR; };
		4B0AF3E22B89292300F68A8F /* EnuygunCaseUITests.swift */ = {isa = PBXFileReference; lastKnownFileType = sourcecode.swift; path = EnuygunCaseUITests.swift; sourceTree = "<group>"; };
		4B0AF3E42B89292300F68A8F /* EnuygunCaseUITestsLaunchTests.swift */ = {isa = PBXFileReference; lastKnownFileType = sourcecode.swift; path = EnuygunCaseUITestsLaunchTests.swift; sourceTree = "<group>"; };
		4B0AF3F42B892ACF00F68A8F /* ProductListViewController.swift */ = {isa = PBXFileReference; lastKnownFileType = sourcecode.swift; path = ProductListViewController.swift; sourceTree = "<group>"; };
		4B0AF3FC2B892B4100F68A8F /* NetworkManager.swift */ = {isa = PBXFileReference; lastKnownFileType = sourcecode.swift; path = NetworkManager.swift; sourceTree = "<group>"; };
		4B0AF3FE2B892B7800F68A8F /* NetworkEnums.swift */ = {isa = PBXFileReference; lastKnownFileType = sourcecode.swift; path = NetworkEnums.swift; sourceTree = "<group>"; };
		4B0AF4002B892BA800F68A8F /* Endpoint.swift */ = {isa = PBXFileReference; lastKnownFileType = sourcecode.swift; path = Endpoint.swift; sourceTree = "<group>"; };
		4B0AF4022B892C5A00F68A8F /* ProductListService.swift */ = {isa = PBXFileReference; lastKnownFileType = sourcecode.swift; path = ProductListService.swift; sourceTree = "<group>"; };
		4B0AF4052B892DA300F68A8F /* CommonModels.swift */ = {isa = PBXFileReference; lastKnownFileType = sourcecode.swift; path = CommonModels.swift; sourceTree = "<group>"; };
		4B0AF4072B892DD700F68A8F /* ProductListResponseModel.swift */ = {isa = PBXFileReference; lastKnownFileType = sourcecode.swift; path = ProductListResponseModel.swift; sourceTree = "<group>"; };
		4B0AF4092B892E3B00F68A8F /* ProductListUseCase.swift */ = {isa = PBXFileReference; lastKnownFileType = sourcecode.swift; path = ProductListUseCase.swift; sourceTree = "<group>"; };
		4B0AF40B2B892E8900F68A8F /* SearchProductService.swift */ = {isa = PBXFileReference; lastKnownFileType = sourcecode.swift; path = SearchProductService.swift; sourceTree = "<group>"; };
		4B0AF40D2B89303200F68A8F /* ProductSearchResponseModel.swift */ = {isa = PBXFileReference; lastKnownFileType = sourcecode.swift; path = ProductSearchResponseModel.swift; sourceTree = "<group>"; };
		4B0AF40F2B8930E900F68A8F /* ProductListViewModel.swift */ = {isa = PBXFileReference; lastKnownFileType = sourcecode.swift; path = ProductListViewModel.swift; sourceTree = "<group>"; };
		4B0AF4132B89335700F68A8F /* Enums.swift */ = {isa = PBXFileReference; lastKnownFileType = sourcecode.swift; path = Enums.swift; sourceTree = "<group>"; };
		4B0AF4152B89379000F68A8F /* ProductListUIElementsProvider.swift */ = {isa = PBXFileReference; lastKnownFileType = sourcecode.swift; path = ProductListUIElementsProvider.swift; sourceTree = "<group>"; };
		4B4076C62B8939FF006B4F4B /* ProductScreenBuilder.swift */ = {isa = PBXFileReference; lastKnownFileType = sourcecode.swift; path = ProductScreenBuilder.swift; sourceTree = "<group>"; };
		4B4076C82B893B25006B4F4B /* AlertManager.swift */ = {isa = PBXFileReference; lastKnownFileType = sourcecode.swift; path = AlertManager.swift; sourceTree = "<group>"; };
		4B4076CE2B893F41006B4F4B /* ProductTableViewCell.swift */ = {isa = PBXFileReference; lastKnownFileType = sourcecode.swift; path = ProductTableViewCell.swift; sourceTree = "<group>"; };
		4B82CB572B89620100934BEC /* UIImageViewExtensions.swift */ = {isa = PBXFileReference; lastKnownFileType = sourcecode.swift; path = UIImageViewExtensions.swift; sourceTree = "<group>"; };
		4BA7D8CC2B8A158E00676F6F /* TabBarViewController.swift */ = {isa = PBXFileReference; lastKnownFileType = sourcecode.swift; path = TabBarViewController.swift; sourceTree = "<group>"; };
		4BA7D8D42B8A183000676F6F /* FavoritesViewController.swift */ = {isa = PBXFileReference; lastKnownFileType = sourcecode.swift; path = FavoritesViewController.swift; sourceTree = "<group>"; };
		4BA7D8D62B8A19CD00676F6F /* FavoritesManager.swift */ = {isa = PBXFileReference; lastKnownFileType = sourcecode.swift; path = FavoritesManager.swift; sourceTree = "<group>"; };
		4BA7D8DC2B8A1AEE00676F6F /* ProductDetailViewController.swift */ = {isa = PBXFileReference; lastKnownFileType = sourcecode.swift; path = ProductDetailViewController.swift; sourceTree = "<group>"; };
		4BA7D8DF2B8A1B3000676F6F /* ProductDetailUseCase.swift */ = {isa = PBXFileReference; lastKnownFileType = sourcecode.swift; path = ProductDetailUseCase.swift; sourceTree = "<group>"; };
		4BA7D8E12B8A1BC200676F6F /* ProductDetailViewModel.swift */ = {isa = PBXFileReference; lastKnownFileType = sourcecode.swift; path = ProductDetailViewModel.swift; sourceTree = "<group>"; };
		4BA7D8E32B8A1BD100676F6F /* ProductDetailUIElementsProvider.swift */ = {isa = PBXFileReference; lastKnownFileType = sourcecode.swift; path = ProductDetailUIElementsProvider.swift; sourceTree = "<group>"; };
		4BA7D8E52B8A203D00676F6F /* ProductDetailBuilder.swift */ = {isa = PBXFileReference; lastKnownFileType = sourcecode.swift; path = ProductDetailBuilder.swift; sourceTree = "<group>"; };
		4BA7D8E72B8A34D800676F6F /* FavoritesViewModel.swift */ = {isa = PBXFileReference; lastKnownFileType = sourcecode.swift; path = FavoritesViewModel.swift; sourceTree = "<group>"; };
		4BA7D8E92B8A34E200676F6F /* FavoritesUseCase.swift */ = {isa = PBXFileReference; lastKnownFileType = sourcecode.swift; path = FavoritesUseCase.swift; sourceTree = "<group>"; };
		4BA7D8EB2B8A350200676F6F /* FavoritesUIElementsProvider.swift */ = {isa = PBXFileReference; lastKnownFileType = sourcecode.swift; path = FavoritesUIElementsProvider.swift; sourceTree = "<group>"; };
		4BA7D8ED2B8A350B00676F6F /* FavoritesBuilder.swift */ = {isa = PBXFileReference; lastKnownFileType = sourcecode.swift; path = FavoritesBuilder.swift; sourceTree = "<group>"; };
		4BA7D8EF2B8A3EF700676F6F /* CartManager.swift */ = {isa = PBXFileReference; lastKnownFileType = sourcecode.swift; path = CartManager.swift; sourceTree = "<group>"; };
		4BA7D8F62B8A40DF00676F6F /* CartUseCase.swift */ = {isa = PBXFileReference; lastKnownFileType = sourcecode.swift; path = CartUseCase.swift; sourceTree = "<group>"; };
		4BA7D8F82B8A41C400676F6F /* CartViewModel.swift */ = {isa = PBXFileReference; lastKnownFileType = sourcecode.swift; path = CartViewModel.swift; sourceTree = "<group>"; };
		4BA7D8FA2B8A42AF00676F6F /* CartUIElementsProvider.swift */ = {isa = PBXFileReference; lastKnownFileType = sourcecode.swift; path = CartUIElementsProvider.swift; sourceTree = "<group>"; };
		4BA7D8FC2B8A42FE00676F6F /* CartViewController.swift */ = {isa = PBXFileReference; lastKnownFileType = sourcecode.swift; path = CartViewController.swift; sourceTree = "<group>"; };
		4BA7D8FE2B8A438300676F6F /* CartBuilder.swift */ = {isa = PBXFileReference; lastKnownFileType = sourcecode.swift; path = CartBuilder.swift; sourceTree = "<group>"; };
		4BA7D9012B8A4D2900676F6F /* CartTableViewCell.swift */ = {isa = PBXFileReference; lastKnownFileType = sourcecode.swift; path = CartTableViewCell.swift; sourceTree = "<group>"; };
		4BA7D9022B8A4D2900676F6F /* CartTableViewCell.xib */ = {isa = PBXFileReference; lastKnownFileType = file.xib; path = CartTableViewCell.xib; sourceTree = "<group>"; };
		4BA7D90A2B8A8A5F00676F6F /* CheckoutUseCase.swift */ = {isa = PBXFileReference; lastKnownFileType = sourcecode.swift; path = CheckoutUseCase.swift; sourceTree = "<group>"; };
		4BA7D90C2B8A8ACD00676F6F /* CheckoutViewModel.swift */ = {isa = PBXFileReference; lastKnownFileType = sourcecode.swift; path = CheckoutViewModel.swift; sourceTree = "<group>"; };
		4BA7D90E2B8A8B3000676F6F /* CheckoutUIElementsProvider.swift */ = {isa = PBXFileReference; lastKnownFileType = sourcecode.swift; path = CheckoutUIElementsProvider.swift; sourceTree = "<group>"; };
		4BA7D9102B8A8C7A00676F6F /* CheckoutBuilder.swift */ = {isa = PBXFileReference; lastKnownFileType = sourcecode.swift; path = CheckoutBuilder.swift; sourceTree = "<group>"; };
		4BA7D9122B8A8CA500676F6F /* CheckoutViewController.swift */ = {isa = PBXFileReference; lastKnownFileType = sourcecode.swift; path = CheckoutViewController.swift; sourceTree = "<group>"; };
		4BA7D9172B8A9E5000676F6F /* mobile-payment.json */ = {isa = PBXFileReference; fileEncoding = 4; lastKnownFileType = text.json; path = "mobile-payment.json"; sourceTree = "<group>"; };
		4BA7D91A2B8AA20B00676F6F /* UITextFieldExtensions.swift */ = {isa = PBXFileReference; lastKnownFileType = sourcecode.swift; path = UITextFieldExtensions.swift; sourceTree = "<group>"; };
		4BA7D91E2B8AABD300676F6F /* CartManagerTests.swift */ = {isa = PBXFileReference; lastKnownFileType = sourcecode.swift; path = CartManagerTests.swift; sourceTree = "<group>"; };
		4BA7D9202B8AAE1100676F6F /* EnuygunCase.xctestplan */ = {isa = PBXFileReference; lastKnownFileType = text; path = EnuygunCase.xctestplan; sourceTree = "<group>"; };
		4BA7D9222B8AB1A800676F6F /* ProductListViewModelTests.swift */ = {isa = PBXFileReference; lastKnownFileType = sourcecode.swift; path = ProductListViewModelTests.swift; sourceTree = "<group>"; };
		4BA7D92B2B8AB34E00676F6F /* ProductListUseCaseMock.swift */ = {isa = PBXFileReference; lastKnownFileType = sourcecode.swift; path = ProductListUseCaseMock.swift; sourceTree = "<group>"; };
		4BA7D92D2B8AB4D000676F6F /* FavoritesManagerTests.swift */ = {isa = PBXFileReference; lastKnownFileType = sourcecode.swift; path = FavoritesManagerTests.swift; sourceTree = "<group>"; };
/* End PBXFileReference section */

/* Begin PBXFrameworksBuildPhase section */
		4B0AF3BB2B89292100F68A8F /* Frameworks */ = {
			isa = PBXFrameworksBuildPhase;
			buildActionMask = 2147483647;
			files = (
				4B4076D12B894209006B4F4B /* RxCocoa in Frameworks */,
				4B4076CC2B893C41006B4F4B /* RxSwift in Frameworks */,
				4B4076C52B893983006B4F4B /* SnapKit in Frameworks */,
				4BA7D9162B8A9DFA00676F6F /* Lottie in Frameworks */,
			);
			runOnlyForDeploymentPostprocessing = 0;
		};
		4B0AF3D12B89292300F68A8F /* Frameworks */ = {
			isa = PBXFrameworksBuildPhase;
			buildActionMask = 2147483647;
			files = (
				4BA7D9272B8AB1E900676F6F /* RxTest-Dynamic in Frameworks */,
				4BA7D9252B8AB1E900676F6F /* RxTest in Frameworks */,
			);
			runOnlyForDeploymentPostprocessing = 0;
		};
		4B0AF3DB2B89292300F68A8F /* Frameworks */ = {
			isa = PBXFrameworksBuildPhase;
			buildActionMask = 2147483647;
			files = (
			);
			runOnlyForDeploymentPostprocessing = 0;
		};
/* End PBXFrameworksBuildPhase section */

/* Begin PBXGroup section */
		4B05AB202B894FCA00A6562D /* Product Cell */ = {
			isa = PBXGroup;
			children = (
				4B4076CE2B893F41006B4F4B /* ProductTableViewCell.swift */,
				4B05AB212B894FE100A6562D /* ProductTableViewCell.xib */,
			);
			path = "Product Cell";
			sourceTree = "<group>";
		};
		4B0AF3B52B89292100F68A8F = {
			isa = PBXGroup;
			children = (
				4BA7D9202B8AAE1100676F6F /* EnuygunCase.xctestplan */,
				4B0AF3C02B89292100F68A8F /* EnuygunCase */,
				4B0AF3D72B89292300F68A8F /* EnuygunCaseTests */,
				4B0AF3E12B89292300F68A8F /* EnuygunCaseUITests */,
				4B0AF3BF2B89292100F68A8F /* Products */,
				4B4076CA2B893C41006B4F4B /* Frameworks */,
			);
			sourceTree = "<group>";
		};
		4B0AF3BF2B89292100F68A8F /* Products */ = {
			isa = PBXGroup;
			children = (
				4B0AF3BE2B89292100F68A8F /* EnuygunCase.app */,
				4B0AF3D42B89292300F68A8F /* EnuygunCaseTests.xctest */,
				4B0AF3DE2B89292300F68A8F /* EnuygunCaseUITests.xctest */,
			);
			name = Products;
			sourceTree = "<group>";
		};
		4B0AF3C02B89292100F68A8F /* EnuygunCase */ = {
			isa = PBXGroup;
			children = (
				4B0AF3F32B892AA600F68A8F /* Screens */,
				4B0AF3FB2B892B3200F68A8F /* Network */,
				4B4076CD2B893F1F006B4F4B /* Views */,
				4B0AF3F22B892A9100F68A8F /* Helpers */,
				4B0AF3CC2B89292300F68A8F /* LaunchScreen.storyboard */,
				4B0AF3CF2B89292300F68A8F /* Info.plist */,
			);
			path = EnuygunCase;
			sourceTree = "<group>";
		};
		4B0AF3D72B89292300F68A8F /* EnuygunCaseTests */ = {
			isa = PBXGroup;
			children = (
				4BA7D92A2B8AB33900676F6F /* Mocks */,
				4BA7D9212B8AB18D00676F6F /* ViewModelTests */,
				4BA7D91D2B8AABB500676F6F /* HelperTests */,
			);
			path = EnuygunCaseTests;
			sourceTree = "<group>";
		};
		4B0AF3E12B89292300F68A8F /* EnuygunCaseUITests */ = {
			isa = PBXGroup;
			children = (
				4B0AF3E22B89292300F68A8F /* EnuygunCaseUITests.swift */,
				4B0AF3E42B89292300F68A8F /* EnuygunCaseUITestsLaunchTests.swift */,
			);
			path = EnuygunCaseUITests;
			sourceTree = "<group>";
		};
		4B0AF3F22B892A9100F68A8F /* Helpers */ = {
			isa = PBXGroup;
			children = (
				4BA7D91C2B8AA21F00676F6F /* Managers */,
				4BA7D9192B8AA1F900676F6F /* Extensions */,
				4B0AF3CA2B89292300F68A8F /* Assets.xcassets */,
				4BA7D9172B8A9E5000676F6F /* mobile-payment.json */,
				4B0AF3C12B89292100F68A8F /* AppDelegate.swift */,
				4BA7D8CC2B8A158E00676F6F /* TabBarViewController.swift */,
			);
			path = Helpers;
			sourceTree = "<group>";
		};
		4B0AF3F32B892AA600F68A8F /* Screens */ = {
			isa = PBXGroup;
			children = (
				4B0AF4122B89333300F68A8F /* Product List */,
				4BA7D8D82B8A1A7600676F6F /* Product Detail */,
				4BA7D8F12B8A406D00676F6F /* Cart */,
				4BA7D8CE2B8A17D300676F6F /* Favorites */,
				4BA7D9052B8A8A1900676F6F /* Checkout */,
				4B0AF4112B89332700F68A8F /* Interfaces */,
			);
			path = Screens;
			sourceTree = "<group>";
		};
		4B0AF3F62B892ADE00F68A8F /* Remotes */ = {
			isa = PBXGroup;
			children = (
				4B0AF4022B892C5A00F68A8F /* ProductListService.swift */,
				4B0AF40B2B892E8900F68A8F /* SearchProductService.swift */,
			);
			path = Remotes;
			sourceTree = "<group>";
		};
		4B0AF3F72B892AE600F68A8F /* UseCases */ = {
			isa = PBXGroup;
			children = (
				4B0AF4092B892E3B00F68A8F /* ProductListUseCase.swift */,
			);
			path = UseCases;
			sourceTree = "<group>";
		};
		4B0AF3F82B892AE900F68A8F /* ViewModels */ = {
			isa = PBXGroup;
			children = (
				4B0AF40F2B8930E900F68A8F /* ProductListViewModel.swift */,
			);
			path = ViewModels;
			sourceTree = "<group>";
		};
		4B0AF3F92B892AEC00F68A8F /* Presenters */ = {
			isa = PBXGroup;
			children = (
				4B0AF4152B89379000F68A8F /* ProductListUIElementsProvider.swift */,
			);
			path = Presenters;
			sourceTree = "<group>";
		};
		4B0AF3FA2B892B0E00F68A8F /* Builders */ = {
			isa = PBXGroup;
			children = (
				4B4076C62B8939FF006B4F4B /* ProductScreenBuilder.swift */,
			);
			path = Builders;
			sourceTree = "<group>";
		};
		4B0AF3FB2B892B3200F68A8F /* Network */ = {
			isa = PBXGroup;
			children = (
				4B0AF4042B892D7F00F68A8F /* Response Models */,
				4B0AF3FC2B892B4100F68A8F /* NetworkManager.swift */,
				4B0AF3FE2B892B7800F68A8F /* NetworkEnums.swift */,
				4B0AF4002B892BA800F68A8F /* Endpoint.swift */,
			);
			path = Network;
			sourceTree = "<group>";
		};
		4B0AF4042B892D7F00F68A8F /* Response Models */ = {
			isa = PBXGroup;
			children = (
				4B0AF4052B892DA300F68A8F /* CommonModels.swift */,
				4B0AF4072B892DD700F68A8F /* ProductListResponseModel.swift */,
				4B0AF40D2B89303200F68A8F /* ProductSearchResponseModel.swift */,
			);
			path = "Response Models";
			sourceTree = "<group>";
		};
		4B0AF4112B89332700F68A8F /* Interfaces */ = {
			isa = PBXGroup;
			children = (
				4B0AF4132B89335700F68A8F /* Enums.swift */,
			);
			path = Interfaces;
			sourceTree = "<group>";
		};
		4B0AF4122B89333300F68A8F /* Product List */ = {
			isa = PBXGroup;
			children = (
				4B0AF3F42B892ACF00F68A8F /* ProductListViewController.swift */,
				4B0AF3F92B892AEC00F68A8F /* Presenters */,
				4B0AF3F82B892AE900F68A8F /* ViewModels */,
				4B0AF3F72B892AE600F68A8F /* UseCases */,
				4B0AF3F62B892ADE00F68A8F /* Remotes */,
				4B0AF3FA2B892B0E00F68A8F /* Builders */,
			);
			path = "Product List";
			sourceTree = "<group>";
		};
		4B4076CA2B893C41006B4F4B /* Frameworks */ = {
			isa = PBXGroup;
			children = (
			);
			name = Frameworks;
			sourceTree = "<group>";
		};
		4B4076CD2B893F1F006B4F4B /* Views */ = {
			isa = PBXGroup;
			children = (
				4BA7D9002B8A4D1000676F6F /* CartProductCell */,
				4B05AB202B894FCA00A6562D /* Product Cell */,
			);
			path = Views;
			sourceTree = "<group>";
		};
		4BA7D8CE2B8A17D300676F6F /* Favorites */ = {
			isa = PBXGroup;
			children = (
				4BA7D8D42B8A183000676F6F /* FavoritesViewController.swift */,
				4BA7D8D32B8A17FD00676F6F /* Presenters */,
				4BA7D8D22B8A17FA00676F6F /* ViewModels */,
				4BA7D8D12B8A17F800676F6F /* UseCases */,
				4BA7D8CF2B8A17F200676F6F /* Builders */,
			);
			path = Favorites;
			sourceTree = "<group>";
		};
		4BA7D8CF2B8A17F200676F6F /* Builders */ = {
			isa = PBXGroup;
			children = (
				4BA7D8ED2B8A350B00676F6F /* FavoritesBuilder.swift */,
			);
			path = Builders;
			sourceTree = "<group>";
		};
		4BA7D8D12B8A17F800676F6F /* UseCases */ = {
			isa = PBXGroup;
			children = (
				4BA7D8E92B8A34E200676F6F /* FavoritesUseCase.swift */,
			);
			path = UseCases;
			sourceTree = "<group>";
		};
		4BA7D8D22B8A17FA00676F6F /* ViewModels */ = {
			isa = PBXGroup;
			children = (
				4BA7D8E72B8A34D800676F6F /* FavoritesViewModel.swift */,
			);
			path = ViewModels;
			sourceTree = "<group>";
		};
		4BA7D8D32B8A17FD00676F6F /* Presenters */ = {
			isa = PBXGroup;
			children = (
				4BA7D8EB2B8A350200676F6F /* FavoritesUIElementsProvider.swift */,
			);
			path = Presenters;
			sourceTree = "<group>";
		};
		4BA7D8D82B8A1A7600676F6F /* Product Detail */ = {
			isa = PBXGroup;
			children = (
				4BA7D8DC2B8A1AEE00676F6F /* ProductDetailViewController.swift */,
				4BA7D8DE2B8A1B0C00676F6F /* UseCases */,
				4BA7D8DB2B8A1ACB00676F6F /* ViewModels */,
				4BA7D8DA2B8A1AC500676F6F /* Presenters */,
				4BA7D8D92B8A1AC200676F6F /* Builders */,
			);
			path = "Product Detail";
			sourceTree = "<group>";
		};
		4BA7D8D92B8A1AC200676F6F /* Builders */ = {
			isa = PBXGroup;
			children = (
				4BA7D8E52B8A203D00676F6F /* ProductDetailBuilder.swift */,
			);
			path = Builders;
			sourceTree = "<group>";
		};
		4BA7D8DA2B8A1AC500676F6F /* Presenters */ = {
			isa = PBXGroup;
			children = (
				4BA7D8E32B8A1BD100676F6F /* ProductDetailUIElementsProvider.swift */,
			);
			path = Presenters;
			sourceTree = "<group>";
		};
		4BA7D8DB2B8A1ACB00676F6F /* ViewModels */ = {
			isa = PBXGroup;
			children = (
				4BA7D8E12B8A1BC200676F6F /* ProductDetailViewModel.swift */,
			);
			path = ViewModels;
			sourceTree = "<group>";
		};
		4BA7D8DE2B8A1B0C00676F6F /* UseCases */ = {
			isa = PBXGroup;
			children = (
				4BA7D8DF2B8A1B3000676F6F /* ProductDetailUseCase.swift */,
			);
			path = UseCases;
			sourceTree = "<group>";
		};
		4BA7D8F12B8A406D00676F6F /* Cart */ = {
			isa = PBXGroup;
			children = (
				4BA7D8FC2B8A42FE00676F6F /* CartViewController.swift */,
				4BA7D8F52B8A408200676F6F /* Presenters */,
				4BA7D8F42B8A407F00676F6F /* ViewModels */,
				4BA7D8F32B8A407900676F6F /* UseCases */,
				4BA7D8F22B8A407600676F6F /* Builders */,
			);
			path = Cart;
			sourceTree = "<group>";
		};
		4BA7D8F22B8A407600676F6F /* Builders */ = {
			isa = PBXGroup;
			children = (
				4BA7D8FE2B8A438300676F6F /* CartBuilder.swift */,
			);
			path = Builders;
			sourceTree = "<group>";
		};
		4BA7D8F32B8A407900676F6F /* UseCases */ = {
			isa = PBXGroup;
			children = (
				4BA7D8F62B8A40DF00676F6F /* CartUseCase.swift */,
			);
			path = UseCases;
			sourceTree = "<group>";
		};
		4BA7D8F42B8A407F00676F6F /* ViewModels */ = {
			isa = PBXGroup;
			children = (
				4BA7D8F82B8A41C400676F6F /* CartViewModel.swift */,
			);
			path = ViewModels;
			sourceTree = "<group>";
		};
		4BA7D8F52B8A408200676F6F /* Presenters */ = {
			isa = PBXGroup;
			children = (
				4BA7D8FA2B8A42AF00676F6F /* CartUIElementsProvider.swift */,
			);
			path = Presenters;
			sourceTree = "<group>";
		};
		4BA7D9002B8A4D1000676F6F /* CartProductCell */ = {
			isa = PBXGroup;
			children = (
				4BA7D9012B8A4D2900676F6F /* CartTableViewCell.swift */,
				4BA7D9022B8A4D2900676F6F /* CartTableViewCell.xib */,
			);
			path = CartProductCell;
			sourceTree = "<group>";
		};
		4BA7D9052B8A8A1900676F6F /* Checkout */ = {
			isa = PBXGroup;
			children = (
				4BA7D9122B8A8CA500676F6F /* CheckoutViewController.swift */,
				4BA7D9082B8A8A2700676F6F /* Presenters */,
				4BA7D9092B8A8A2B00676F6F /* ViewModels */,
				4BA7D9072B8A8A2400676F6F /* UseCases */,
				4BA7D9062B8A8A2100676F6F /* Builders */,
			);
			path = Checkout;
			sourceTree = "<group>";
		};
		4BA7D9062B8A8A2100676F6F /* Builders */ = {
			isa = PBXGroup;
			children = (
				4BA7D9102B8A8C7A00676F6F /* CheckoutBuilder.swift */,
			);
			path = Builders;
			sourceTree = "<group>";
		};
		4BA7D9072B8A8A2400676F6F /* UseCases */ = {
			isa = PBXGroup;
			children = (
				4BA7D90A2B8A8A5F00676F6F /* CheckoutUseCase.swift */,
			);
			path = UseCases;
			sourceTree = "<group>";
		};
		4BA7D9082B8A8A2700676F6F /* Presenters */ = {
			isa = PBXGroup;
			children = (
				4BA7D90E2B8A8B3000676F6F /* CheckoutUIElementsProvider.swift */,
			);
			path = Presenters;
			sourceTree = "<group>";
		};
		4BA7D9092B8A8A2B00676F6F /* ViewModels */ = {
			isa = PBXGroup;
			children = (
				4BA7D90C2B8A8ACD00676F6F /* CheckoutViewModel.swift */,
			);
			path = ViewModels;
			sourceTree = "<group>";
		};
		4BA7D9192B8AA1F900676F6F /* Extensions */ = {
			isa = PBXGroup;
			children = (
				4BA7D91A2B8AA20B00676F6F /* UITextFieldExtensions.swift */,
				4B82CB572B89620100934BEC /* UIImageViewExtensions.swift */,
			);
			path = Extensions;
			sourceTree = "<group>";
		};
		4BA7D91C2B8AA21F00676F6F /* Managers */ = {
			isa = PBXGroup;
			children = (
				4B4076C82B893B25006B4F4B /* AlertManager.swift */,
				4BA7D8EF2B8A3EF700676F6F /* CartManager.swift */,
				4BA7D8D62B8A19CD00676F6F /* FavoritesManager.swift */,
			);
			path = Managers;
			sourceTree = "<group>";
		};
		4BA7D91D2B8AABB500676F6F /* HelperTests */ = {
			isa = PBXGroup;
			children = (
				4BA7D91E2B8AABD300676F6F /* CartManagerTests.swift */,
				4BA7D92D2B8AB4D000676F6F /* FavoritesManagerTests.swift */,
			);
			path = HelperTests;
			sourceTree = "<group>";
		};
		4BA7D9212B8AB18D00676F6F /* ViewModelTests */ = {
			isa = PBXGroup;
			children = (
				4BA7D9222B8AB1A800676F6F /* ProductListViewModelTests.swift */,
			);
			path = ViewModelTests;
			sourceTree = "<group>";
		};
		4BA7D92A2B8AB33900676F6F /* Mocks */ = {
			isa = PBXGroup;
			children = (
				4BA7D92B2B8AB34E00676F6F /* ProductListUseCaseMock.swift */,
			);
			path = Mocks;
			sourceTree = "<group>";
		};
/* End PBXGroup section */

/* Begin PBXNativeTarget section */
		4B0AF3BD2B89292100F68A8F /* EnuygunCase */ = {
			isa = PBXNativeTarget;
			buildConfigurationList = 4B0AF3E82B89292300F68A8F /* Build configuration list for PBXNativeTarget "EnuygunCase" */;
			buildPhases = (
				4B0AF3BA2B89292100F68A8F /* Sources */,
				4B0AF3BB2B89292100F68A8F /* Frameworks */,
				4B0AF3BC2B89292100F68A8F /* Resources */,
			);
			buildRules = (
			);
			dependencies = (
			);
			name = EnuygunCase;
			packageProductDependencies = (
				4B4076C42B893983006B4F4B /* SnapKit */,
				4B4076CB2B893C41006B4F4B /* RxSwift */,
				4B4076D02B894209006B4F4B /* RxCocoa */,
				4BA7D9152B8A9DFA00676F6F /* Lottie */,
			);
			productName = EnuygunCase;
			productReference = 4B0AF3BE2B89292100F68A8F /* EnuygunCase.app */;
			productType = "com.apple.product-type.application";
		};
		4B0AF3D32B89292300F68A8F /* EnuygunCaseTests */ = {
			isa = PBXNativeTarget;
			buildConfigurationList = 4B0AF3EB2B89292300F68A8F /* Build configuration list for PBXNativeTarget "EnuygunCaseTests" */;
			buildPhases = (
				4B0AF3D02B89292300F68A8F /* Sources */,
				4B0AF3D12B89292300F68A8F /* Frameworks */,
				4B0AF3D22B89292300F68A8F /* Resources */,
				4BA7D9292B8AB1E900676F6F /* Embed Frameworks */,
			);
			buildRules = (
			);
			dependencies = (
				4B0AF3D62B89292300F68A8F /* PBXTargetDependency */,
			);
			name = EnuygunCaseTests;
			packageProductDependencies = (
				4BA7D9242B8AB1E900676F6F /* RxTest */,
				4BA7D9262B8AB1E900676F6F /* RxTest-Dynamic */,
			);
			productName = EnuygunCaseTests;
			productReference = 4B0AF3D42B89292300F68A8F /* EnuygunCaseTests.xctest */;
			productType = "com.apple.product-type.bundle.unit-test";
		};
		4B0AF3DD2B89292300F68A8F /* EnuygunCaseUITests */ = {
			isa = PBXNativeTarget;
			buildConfigurationList = 4B0AF3EE2B89292300F68A8F /* Build configuration list for PBXNativeTarget "EnuygunCaseUITests" */;
			buildPhases = (
				4B0AF3DA2B89292300F68A8F /* Sources */,
				4B0AF3DB2B89292300F68A8F /* Frameworks */,
				4B0AF3DC2B89292300F68A8F /* Resources */,
			);
			buildRules = (
			);
			dependencies = (
				4B0AF3E02B89292300F68A8F /* PBXTargetDependency */,
			);
			name = EnuygunCaseUITests;
			productName = EnuygunCaseUITests;
			productReference = 4B0AF3DE2B89292300F68A8F /* EnuygunCaseUITests.xctest */;
			productType = "com.apple.product-type.bundle.ui-testing";
		};
/* End PBXNativeTarget section */

/* Begin PBXProject section */
		4B0AF3B62B89292100F68A8F /* Project object */ = {
			isa = PBXProject;
			attributes = {
				BuildIndependentTargetsInParallel = 1;
				LastSwiftUpdateCheck = 1520;
				LastUpgradeCheck = 1520;
				TargetAttributes = {
					4B0AF3BD2B89292100F68A8F = {
						CreatedOnToolsVersion = 15.2;
					};
					4B0AF3D32B89292300F68A8F = {
						CreatedOnToolsVersion = 15.2;
						TestTargetID = 4B0AF3BD2B89292100F68A8F;
					};
					4B0AF3DD2B89292300F68A8F = {
						CreatedOnToolsVersion = 15.2;
						TestTargetID = 4B0AF3BD2B89292100F68A8F;
					};
				};
			};
			buildConfigurationList = 4B0AF3B92B89292100F68A8F /* Build configuration list for PBXProject "EnuygunCase" */;
			compatibilityVersion = "Xcode 14.0";
			developmentRegion = en;
			hasScannedForEncodings = 0;
			knownRegions = (
				en,
				Base,
			);
			mainGroup = 4B0AF3B52B89292100F68A8F;
			packageReferences = (
				4B0AF3F12B892A3E00F68A8F /* XCRemoteSwiftPackageReference "RxSwift" */,
				4B0AF4172B89387800F68A8F /* XCRemoteSwiftPackageReference "SnapKit" */,
				4BA7D9142B8A9DFA00676F6F /* XCRemoteSwiftPackageReference "lottie-spm" */,
			);
			productRefGroup = 4B0AF3BF2B89292100F68A8F /* Products */;
			projectDirPath = "";
			projectRoot = "";
			targets = (
				4B0AF3BD2B89292100F68A8F /* EnuygunCase */,
				4B0AF3D32B89292300F68A8F /* EnuygunCaseTests */,
				4B0AF3DD2B89292300F68A8F /* EnuygunCaseUITests */,
			);
		};
/* End PBXProject section */

/* Begin PBXResourcesBuildPhase section */
		4B0AF3BC2B89292100F68A8F /* Resources */ = {
			isa = PBXResourcesBuildPhase;
			buildActionMask = 2147483647;
			files = (
				4B0AF3CE2B89292300F68A8F /* LaunchScreen.storyboard in Resources */,
				4B05AB222B894FE100A6562D /* ProductTableViewCell.xib in Resources */,
				4B0AF3CB2B89292300F68A8F /* Assets.xcassets in Resources */,
				4BA7D9042B8A4D2900676F6F /* CartTableViewCell.xib in Resources */,
				4BA7D9182B8A9E5000676F6F /* mobile-payment.json in Resources */,
			);
			runOnlyForDeploymentPostprocessing = 0;
		};
		4B0AF3D22B89292300F68A8F /* Resources */ = {
			isa = PBXResourcesBuildPhase;
			buildActionMask = 2147483647;
			files = (
			);
			runOnlyForDeploymentPostprocessing = 0;
		};
		4B0AF3DC2B89292300F68A8F /* Resources */ = {
			isa = PBXResourcesBuildPhase;
			buildActionMask = 2147483647;
			files = (
			);
			runOnlyForDeploymentPostprocessing = 0;
		};
/* End PBXResourcesBuildPhase section */

/* Begin PBXSourcesBuildPhase section */
		4B0AF3BA2B89292100F68A8F /* Sources */ = {
			isa = PBXSourcesBuildPhase;
			buildActionMask = 2147483647;
			files = (
				4B4076C92B893B25006B4F4B /* AlertManager.swift in Sources */,
				4B4076C72B8939FF006B4F4B /* ProductScreenBuilder.swift in Sources */,
				4BA7D8FD2B8A42FE00676F6F /* CartViewController.swift in Sources */,
				4B0AF4062B892DA300F68A8F /* CommonModels.swift in Sources */,
				4BA7D8EE2B8A350B00676F6F /* FavoritesBuilder.swift in Sources */,
				4B0AF40E2B89303200F68A8F /* ProductSearchResponseModel.swift in Sources */,
				4B82CB582B89620100934BEC /* UIImageViewExtensions.swift in Sources */,
				4B0AF4102B8930E900F68A8F /* ProductListViewModel.swift in Sources */,
				4BA7D8FB2B8A42AF00676F6F /* CartUIElementsProvider.swift in Sources */,
				4B0AF3FD2B892B4100F68A8F /* NetworkManager.swift in Sources */,
				4BA7D8DD2B8A1AEE00676F6F /* ProductDetailViewController.swift in Sources */,
				4B0AF3F52B892ACF00F68A8F /* ProductListViewController.swift in Sources */,
				4B0AF3C22B89292100F68A8F /* AppDelegate.swift in Sources */,
				4BA7D90B2B8A8A5F00676F6F /* CheckoutUseCase.swift in Sources */,
				4B0AF40A2B892E3B00F68A8F /* ProductListUseCase.swift in Sources */,
				4B0AF4142B89335700F68A8F /* Enums.swift in Sources */,
				4B4076CF2B893F41006B4F4B /* ProductTableViewCell.swift in Sources */,
				4BA7D8E42B8A1BD100676F6F /* ProductDetailUIElementsProvider.swift in Sources */,
				4B0AF4032B892C5A00F68A8F /* ProductListService.swift in Sources */,
				4BA7D8E02B8A1B3000676F6F /* ProductDetailUseCase.swift in Sources */,
				4BA7D90F2B8A8B3000676F6F /* CheckoutUIElementsProvider.swift in Sources */,
				4BA7D8CD2B8A158E00676F6F /* TabBarViewController.swift in Sources */,
				4BA7D90D2B8A8ACD00676F6F /* CheckoutViewModel.swift in Sources */,
				4BA7D9032B8A4D2900676F6F /* CartTableViewCell.swift in Sources */,
				4BA7D8EA2B8A34E200676F6F /* FavoritesUseCase.swift in Sources */,
				4BA7D8FF2B8A438300676F6F /* CartBuilder.swift in Sources */,
				4B0AF3FF2B892B7800F68A8F /* NetworkEnums.swift in Sources */,
				4B0AF4082B892DD700F68A8F /* ProductListResponseModel.swift in Sources */,
				4BA7D8F92B8A41C400676F6F /* CartViewModel.swift in Sources */,
				4B0AF4162B89379000F68A8F /* ProductListUIElementsProvider.swift in Sources */,
				4BA7D8EC2B8A350200676F6F /* FavoritesUIElementsProvider.swift in Sources */,
				4BA7D8D72B8A19CD00676F6F /* FavoritesManager.swift in Sources */,
				4BA7D8E82B8A34D800676F6F /* FavoritesViewModel.swift in Sources */,
				4B0AF4012B892BA800F68A8F /* Endpoint.swift in Sources */,
				4BA7D9132B8A8CA500676F6F /* CheckoutViewController.swift in Sources */,
				4BA7D8D52B8A183000676F6F /* FavoritesViewController.swift in Sources */,
				4BA7D91B2B8AA20B00676F6F /* UITextFieldExtensions.swift in Sources */,
				4B0AF40C2B892E8900F68A8F /* SearchProductService.swift in Sources */,
				4BA7D8E62B8A203D00676F6F /* ProductDetailBuilder.swift in Sources */,
				4BA7D8F02B8A3EF700676F6F /* CartManager.swift in Sources */,
				4BA7D8E22B8A1BC200676F6F /* ProductDetailViewModel.swift in Sources */,
				4BA7D9112B8A8C7A00676F6F /* CheckoutBuilder.swift in Sources */,
				4BA7D8F72B8A40DF00676F6F /* CartUseCase.swift in Sources */,
			);
			runOnlyForDeploymentPostprocessing = 0;
		};
		4B0AF3D02B89292300F68A8F /* Sources */ = {
			isa = PBXSourcesBuildPhase;
			buildActionMask = 2147483647;
			files = (
				4BA7D9232B8AB1A800676F6F /* ProductListViewModelTests.swift in Sources */,
				4BA7D92C2B8AB34E00676F6F /* ProductListUseCaseMock.swift in Sources */,
				4BA7D91F2B8AABD300676F6F /* CartManagerTests.swift in Sources */,
				4BA7D92E2B8AB4D000676F6F /* FavoritesManagerTests.swift in Sources */,
			);
			runOnlyForDeploymentPostprocessing = 0;
		};
		4B0AF3DA2B89292300F68A8F /* Sources */ = {
			isa = PBXSourcesBuildPhase;
			buildActionMask = 2147483647;
			files = (
				4B0AF3E52B89292300F68A8F /* EnuygunCaseUITestsLaunchTests.swift in Sources */,
				4B0AF3E32B89292300F68A8F /* EnuygunCaseUITests.swift in Sources */,
			);
			runOnlyForDeploymentPostprocessing = 0;
		};
/* End PBXSourcesBuildPhase section */

/* Begin PBXTargetDependency section */
		4B0AF3D62B89292300F68A8F /* PBXTargetDependency */ = {
			isa = PBXTargetDependency;
			target = 4B0AF3BD2B89292100F68A8F /* EnuygunCase */;
			targetProxy = 4B0AF3D52B89292300F68A8F /* PBXContainerItemProxy */;
		};
		4B0AF3E02B89292300F68A8F /* PBXTargetDependency */ = {
			isa = PBXTargetDependency;
			target = 4B0AF3BD2B89292100F68A8F /* EnuygunCase */;
			targetProxy = 4B0AF3DF2B89292300F68A8F /* PBXContainerItemProxy */;
		};
/* End PBXTargetDependency section */

/* Begin PBXVariantGroup section */
		4B0AF3CC2B89292300F68A8F /* LaunchScreen.storyboard */ = {
			isa = PBXVariantGroup;
			children = (
				4B0AF3CD2B89292300F68A8F /* Base */,
			);
			name = LaunchScreen.storyboard;
			sourceTree = "<group>";
		};
/* End PBXVariantGroup section */

/* Begin XCBuildConfiguration section */
		4B0AF3E62B89292300F68A8F /* Debug */ = {
			isa = XCBuildConfiguration;
			buildSettings = {
				ALWAYS_SEARCH_USER_PATHS = NO;
				ASSETCATALOG_COMPILER_GENERATE_SWIFT_ASSET_SYMBOL_EXTENSIONS = YES;
				CLANG_ANALYZER_NONNULL = YES;
				CLANG_ANALYZER_NUMBER_OBJECT_CONVERSION = YES_AGGRESSIVE;
				CLANG_CXX_LANGUAGE_STANDARD = "gnu++20";
				CLANG_ENABLE_MODULES = YES;
				CLANG_ENABLE_OBJC_ARC = YES;
				CLANG_ENABLE_OBJC_WEAK = YES;
				CLANG_WARN_BLOCK_CAPTURE_AUTORELEASING = YES;
				CLANG_WARN_BOOL_CONVERSION = YES;
				CLANG_WARN_COMMA = YES;
				CLANG_WARN_CONSTANT_CONVERSION = YES;
				CLANG_WARN_DEPRECATED_OBJC_IMPLEMENTATIONS = YES;
				CLANG_WARN_DIRECT_OBJC_ISA_USAGE = YES_ERROR;
				CLANG_WARN_DOCUMENTATION_COMMENTS = YES;
				CLANG_WARN_EMPTY_BODY = YES;
				CLANG_WARN_ENUM_CONVERSION = YES;
				CLANG_WARN_INFINITE_RECURSION = YES;
				CLANG_WARN_INT_CONVERSION = YES;
				CLANG_WARN_NON_LITERAL_NULL_CONVERSION = YES;
				CLANG_WARN_OBJC_IMPLICIT_RETAIN_SELF = YES;
				CLANG_WARN_OBJC_LITERAL_CONVERSION = YES;
				CLANG_WARN_OBJC_ROOT_CLASS = YES_ERROR;
				CLANG_WARN_QUOTED_INCLUDE_IN_FRAMEWORK_HEADER = YES;
				CLANG_WARN_RANGE_LOOP_ANALYSIS = YES;
				CLANG_WARN_STRICT_PROTOTYPES = YES;
				CLANG_WARN_SUSPICIOUS_MOVE = YES;
				CLANG_WARN_UNGUARDED_AVAILABILITY = YES_AGGRESSIVE;
				CLANG_WARN_UNREACHABLE_CODE = YES;
				CLANG_WARN__DUPLICATE_METHOD_MATCH = YES;
				COPY_PHASE_STRIP = NO;
				DEBUG_INFORMATION_FORMAT = dwarf;
				ENABLE_STRICT_OBJC_MSGSEND = YES;
				ENABLE_TESTABILITY = YES;
				ENABLE_USER_SCRIPT_SANDBOXING = YES;
				GCC_C_LANGUAGE_STANDARD = gnu17;
				GCC_DYNAMIC_NO_PIC = NO;
				GCC_NO_COMMON_BLOCKS = YES;
				GCC_OPTIMIZATION_LEVEL = 0;
				GCC_PREPROCESSOR_DEFINITIONS = (
					"DEBUG=1",
					"$(inherited)",
				);
				GCC_WARN_64_TO_32_BIT_CONVERSION = YES;
				GCC_WARN_ABOUT_RETURN_TYPE = YES_ERROR;
				GCC_WARN_UNDECLARED_SELECTOR = YES;
				GCC_WARN_UNINITIALIZED_AUTOS = YES_AGGRESSIVE;
				GCC_WARN_UNUSED_FUNCTION = YES;
				GCC_WARN_UNUSED_VARIABLE = YES;
				IPHONEOS_DEPLOYMENT_TARGET = 17.2;
				LOCALIZATION_PREFERS_STRING_CATALOGS = YES;
				MTL_ENABLE_DEBUG_INFO = INCLUDE_SOURCE;
				MTL_FAST_MATH = YES;
				ONLY_ACTIVE_ARCH = YES;
				SDKROOT = iphoneos;
				SWIFT_ACTIVE_COMPILATION_CONDITIONS = "DEBUG $(inherited)";
				SWIFT_OPTIMIZATION_LEVEL = "-Onone";
			};
			name = Debug;
		};
		4B0AF3E72B89292300F68A8F /* Release */ = {
			isa = XCBuildConfiguration;
			buildSettings = {
				ALWAYS_SEARCH_USER_PATHS = NO;
				ASSETCATALOG_COMPILER_GENERATE_SWIFT_ASSET_SYMBOL_EXTENSIONS = YES;
				CLANG_ANALYZER_NONNULL = YES;
				CLANG_ANALYZER_NUMBER_OBJECT_CONVERSION = YES_AGGRESSIVE;
				CLANG_CXX_LANGUAGE_STANDARD = "gnu++20";
				CLANG_ENABLE_MODULES = YES;
				CLANG_ENABLE_OBJC_ARC = YES;
				CLANG_ENABLE_OBJC_WEAK = YES;
				CLANG_WARN_BLOCK_CAPTURE_AUTORELEASING = YES;
				CLANG_WARN_BOOL_CONVERSION = YES;
				CLANG_WARN_COMMA = YES;
				CLANG_WARN_CONSTANT_CONVERSION = YES;
				CLANG_WARN_DEPRECATED_OBJC_IMPLEMENTATIONS = YES;
				CLANG_WARN_DIRECT_OBJC_ISA_USAGE = YES_ERROR;
				CLANG_WARN_DOCUMENTATION_COMMENTS = YES;
				CLANG_WARN_EMPTY_BODY = YES;
				CLANG_WARN_ENUM_CONVERSION = YES;
				CLANG_WARN_INFINITE_RECURSION = YES;
				CLANG_WARN_INT_CONVERSION = YES;
				CLANG_WARN_NON_LITERAL_NULL_CONVERSION = YES;
				CLANG_WARN_OBJC_IMPLICIT_RETAIN_SELF = YES;
				CLANG_WARN_OBJC_LITERAL_CONVERSION = YES;
				CLANG_WARN_OBJC_ROOT_CLASS = YES_ERROR;
				CLANG_WARN_QUOTED_INCLUDE_IN_FRAMEWORK_HEADER = YES;
				CLANG_WARN_RANGE_LOOP_ANALYSIS = YES;
				CLANG_WARN_STRICT_PROTOTYPES = YES;
				CLANG_WARN_SUSPICIOUS_MOVE = YES;
				CLANG_WARN_UNGUARDED_AVAILABILITY = YES_AGGRESSIVE;
				CLANG_WARN_UNREACHABLE_CODE = YES;
				CLANG_WARN__DUPLICATE_METHOD_MATCH = YES;
				COPY_PHASE_STRIP = NO;
				DEBUG_INFORMATION_FORMAT = "dwarf-with-dsym";
				ENABLE_NS_ASSERTIONS = NO;
				ENABLE_STRICT_OBJC_MSGSEND = YES;
				ENABLE_USER_SCRIPT_SANDBOXING = YES;
				GCC_C_LANGUAGE_STANDARD = gnu17;
				GCC_NO_COMMON_BLOCKS = YES;
				GCC_WARN_64_TO_32_BIT_CONVERSION = YES;
				GCC_WARN_ABOUT_RETURN_TYPE = YES_ERROR;
				GCC_WARN_UNDECLARED_SELECTOR = YES;
				GCC_WARN_UNINITIALIZED_AUTOS = YES_AGGRESSIVE;
				GCC_WARN_UNUSED_FUNCTION = YES;
				GCC_WARN_UNUSED_VARIABLE = YES;
				IPHONEOS_DEPLOYMENT_TARGET = 17.2;
				LOCALIZATION_PREFERS_STRING_CATALOGS = YES;
				MTL_ENABLE_DEBUG_INFO = NO;
				MTL_FAST_MATH = YES;
				SDKROOT = iphoneos;
				SWIFT_COMPILATION_MODE = wholemodule;
				VALIDATE_PRODUCT = YES;
			};
			name = Release;
		};
		4B0AF3E92B89292300F68A8F /* Debug */ = {
			isa = XCBuildConfiguration;
			buildSettings = {
				ASSETCATALOG_COMPILER_APPICON_NAME = AppIcon;
				ASSETCATALOG_COMPILER_GLOBAL_ACCENT_COLOR_NAME = AccentColor;
				CODE_SIGN_STYLE = Automatic;
				CURRENT_PROJECT_VERSION = 1;
				DEVELOPMENT_TEAM = 4YRSNU8UM4;
				GENERATE_INFOPLIST_FILE = YES;
				INFOPLIST_FILE = EnuygunCase/Info.plist;
				INFOPLIST_KEY_UIApplicationSupportsIndirectInputEvents = YES;
				INFOPLIST_KEY_UILaunchStoryboardName = LaunchScreen;
				INFOPLIST_KEY_UIMainStoryboardFile = "";
				INFOPLIST_KEY_UISupportedInterfaceOrientations_iPad = "UIInterfaceOrientationPortrait UIInterfaceOrientationPortraitUpsideDown UIInterfaceOrientationLandscapeLeft UIInterfaceOrientationLandscapeRight";
				INFOPLIST_KEY_UISupportedInterfaceOrientations_iPhone = "UIInterfaceOrientationPortrait UIInterfaceOrientationLandscapeLeft UIInterfaceOrientationLandscapeRight";
				IPHONEOS_DEPLOYMENT_TARGET = 17.0;
				LD_RUNPATH_SEARCH_PATHS = (
					"$(inherited)",
					"@executable_path/Frameworks",
				);
				MARKETING_VERSION = 1.0;
				PRODUCT_BUNDLE_IDENTIFIER = com.EnuygunCase;
				PRODUCT_NAME = "$(TARGET_NAME)";
				SWIFT_EMIT_LOC_STRINGS = YES;
				SWIFT_VERSION = 5.0;
				TARGETED_DEVICE_FAMILY = "1,2";
			};
			name = Debug;
		};
		4B0AF3EA2B89292300F68A8F /* Release */ = {
			isa = XCBuildConfiguration;
			buildSettings = {
				ASSETCATALOG_COMPILER_APPICON_NAME = AppIcon;
				ASSETCATALOG_COMPILER_GLOBAL_ACCENT_COLOR_NAME = AccentColor;
				CODE_SIGN_STYLE = Automatic;
				CURRENT_PROJECT_VERSION = 1;
				DEVELOPMENT_TEAM = 4YRSNU8UM4;
				GENERATE_INFOPLIST_FILE = YES;
				INFOPLIST_FILE = EnuygunCase/Info.plist;
				INFOPLIST_KEY_UIApplicationSupportsIndirectInputEvents = YES;
				INFOPLIST_KEY_UILaunchStoryboardName = LaunchScreen;
				INFOPLIST_KEY_UIMainStoryboardFile = "";
				INFOPLIST_KEY_UISupportedInterfaceOrientations_iPad = "UIInterfaceOrientationPortrait UIInterfaceOrientationPortraitUpsideDown UIInterfaceOrientationLandscapeLeft UIInterfaceOrientationLandscapeRight";
				INFOPLIST_KEY_UISupportedInterfaceOrientations_iPhone = "UIInterfaceOrientationPortrait UIInterfaceOrientationLandscapeLeft UIInterfaceOrientationLandscapeRight";
				IPHONEOS_DEPLOYMENT_TARGET = 17.0;
				LD_RUNPATH_SEARCH_PATHS = (
					"$(inherited)",
					"@executable_path/Frameworks",
				);
				MARKETING_VERSION = 1.0;
				PRODUCT_BUNDLE_IDENTIFIER = com.EnuygunCase;
				PRODUCT_NAME = "$(TARGET_NAME)";
				SWIFT_EMIT_LOC_STRINGS = YES;
				SWIFT_VERSION = 5.0;
				TARGETED_DEVICE_FAMILY = "1,2";
			};
			name = Release;
		};
		4B0AF3EC2B89292300F68A8F /* Debug */ = {
			isa = XCBuildConfiguration;
			buildSettings = {
				ALWAYS_EMBED_SWIFT_STANDARD_LIBRARIES = YES;
				BUNDLE_LOADER = "$(TEST_HOST)";
				CODE_SIGN_STYLE = Automatic;
				CURRENT_PROJECT_VERSION = 1;
				DEVELOPMENT_TEAM = 4YRSNU8UM4;
				GENERATE_INFOPLIST_FILE = YES;
				IPHONEOS_DEPLOYMENT_TARGET = 17.2;
				MARKETING_VERSION = 1.0;
				PRODUCT_BUNDLE_IDENTIFIER = com.EnuygunCaseTests;
				PRODUCT_NAME = "$(TARGET_NAME)";
				SWIFT_EMIT_LOC_STRINGS = NO;
				SWIFT_VERSION = 5.0;
				TARGETED_DEVICE_FAMILY = "1,2";
				TEST_HOST = "$(BUILT_PRODUCTS_DIR)/EnuygunCase.app/$(BUNDLE_EXECUTABLE_FOLDER_PATH)/EnuygunCase";
			};
			name = Debug;
		};
		4B0AF3ED2B89292300F68A8F /* Release */ = {
			isa = XCBuildConfiguration;
			buildSettings = {
				ALWAYS_EMBED_SWIFT_STANDARD_LIBRARIES = YES;
				BUNDLE_LOADER = "$(TEST_HOST)";
				CODE_SIGN_STYLE = Automatic;
				CURRENT_PROJECT_VERSION = 1;
				DEVELOPMENT_TEAM = 4YRSNU8UM4;
				GENERATE_INFOPLIST_FILE = YES;
				IPHONEOS_DEPLOYMENT_TARGET = 17.2;
				MARKETING_VERSION = 1.0;
				PRODUCT_BUNDLE_IDENTIFIER = com.EnuygunCaseTests;
				PRODUCT_NAME = "$(TARGET_NAME)";
				SWIFT_EMIT_LOC_STRINGS = NO;
				SWIFT_VERSION = 5.0;
				TARGETED_DEVICE_FAMILY = "1,2";
				TEST_HOST = "$(BUILT_PRODUCTS_DIR)/EnuygunCase.app/$(BUNDLE_EXECUTABLE_FOLDER_PATH)/EnuygunCase";
			};
			name = Release;
		};
		4B0AF3EF2B89292300F68A8F /* Debug */ = {
			isa = XCBuildConfiguration;
			buildSettings = {
				ALWAYS_EMBED_SWIFT_STANDARD_LIBRARIES = YES;
				CODE_SIGN_STYLE = Automatic;
				CURRENT_PROJECT_VERSION = 1;
				DEVELOPMENT_TEAM = 4YRSNU8UM4;
				GENERATE_INFOPLIST_FILE = YES;
				MARKETING_VERSION = 1.0;
				PRODUCT_BUNDLE_IDENTIFIER = com.EnuygunCaseUITests;
				PRODUCT_NAME = "$(TARGET_NAME)";
				SWIFT_EMIT_LOC_STRINGS = NO;
				SWIFT_VERSION = 5.0;
				TARGETED_DEVICE_FAMILY = "1,2";
				TEST_TARGET_NAME = EnuygunCase;
			};
			name = Debug;
		};
		4B0AF3F02B89292300F68A8F /* Release */ = {
			isa = XCBuildConfiguration;
			buildSettings = {
				ALWAYS_EMBED_SWIFT_STANDARD_LIBRARIES = YES;
				CODE_SIGN_STYLE = Automatic;
				CURRENT_PROJECT_VERSION = 1;
				DEVELOPMENT_TEAM = 4YRSNU8UM4;
				GENERATE_INFOPLIST_FILE = YES;
				MARKETING_VERSION = 1.0;
				PRODUCT_BUNDLE_IDENTIFIER = com.EnuygunCaseUITests;
				PRODUCT_NAME = "$(TARGET_NAME)";
				SWIFT_EMIT_LOC_STRINGS = NO;
				SWIFT_VERSION = 5.0;
				TARGETED_DEVICE_FAMILY = "1,2";
				TEST_TARGET_NAME = EnuygunCase;
			};
			name = Release;
		};
/* End XCBuildConfiguration section */

/* Begin XCConfigurationList section */
		4B0AF3B92B89292100F68A8F /* Build configuration list for PBXProject "EnuygunCase" */ = {
			isa = XCConfigurationList;
			buildConfigurations = (
				4B0AF3E62B89292300F68A8F /* Debug */,
				4B0AF3E72B89292300F68A8F /* Release */,
			);
			defaultConfigurationIsVisible = 0;
			defaultConfigurationName = Release;
		};
		4B0AF3E82B89292300F68A8F /* Build configuration list for PBXNativeTarget "EnuygunCase" */ = {
			isa = XCConfigurationList;
			buildConfigurations = (
				4B0AF3E92B89292300F68A8F /* Debug */,
				4B0AF3EA2B89292300F68A8F /* Release */,
			);
			defaultConfigurationIsVisible = 0;
			defaultConfigurationName = Release;
		};
		4B0AF3EB2B89292300F68A8F /* Build configuration list for PBXNativeTarget "EnuygunCaseTests" */ = {
			isa = XCConfigurationList;
			buildConfigurations = (
				4B0AF3EC2B89292300F68A8F /* Debug */,
				4B0AF3ED2B89292300F68A8F /* Release */,
			);
			defaultConfigurationIsVisible = 0;
			defaultConfigurationName = Release;
		};
		4B0AF3EE2B89292300F68A8F /* Build configuration list for PBXNativeTarget "EnuygunCaseUITests" */ = {
			isa = XCConfigurationList;
			buildConfigurations = (
				4B0AF3EF2B89292300F68A8F /* Debug */,
				4B0AF3F02B89292300F68A8F /* Release */,
			);
			defaultConfigurationIsVisible = 0;
			defaultConfigurationName = Release;
		};
/* End XCConfigurationList section */

/* Begin XCRemoteSwiftPackageReference section */
		4B0AF3F12B892A3E00F68A8F /* XCRemoteSwiftPackageReference "RxSwift" */ = {
			isa = XCRemoteSwiftPackageReference;
			repositoryURL = "https://github.com/ReactiveX/RxSwift.git";
			requirement = {
				kind = upToNextMajorVersion;
				minimumVersion = 6.0.0;
			};
		};
		4B0AF4172B89387800F68A8F /* XCRemoteSwiftPackageReference "SnapKit" */ = {
			isa = XCRemoteSwiftPackageReference;
			repositoryURL = "https://github.com/SnapKit/SnapKit.git";
			requirement = {
				kind = upToNextMajorVersion;
				minimumVersion = 5.0.0;
			};
		};
		4BA7D9142B8A9DFA00676F6F /* XCRemoteSwiftPackageReference "lottie-spm" */ = {
			isa = XCRemoteSwiftPackageReference;
			repositoryURL = "https://github.com/airbnb/lottie-spm.git";
			requirement = {
				kind = upToNextMajorVersion;
				minimumVersion = 4.4.1;
			};
		};
/* End XCRemoteSwiftPackageReference section */

/* Begin XCSwiftPackageProductDependency section */
		4B4076C42B893983006B4F4B /* SnapKit */ = {
			isa = XCSwiftPackageProductDependency;
			package = 4B0AF4172B89387800F68A8F /* XCRemoteSwiftPackageReference "SnapKit" */;
			productName = SnapKit;
		};
		4B4076CB2B893C41006B4F4B /* RxSwift */ = {
			isa = XCSwiftPackageProductDependency;
			package = 4B0AF3F12B892A3E00F68A8F /* XCRemoteSwiftPackageReference "RxSwift" */;
			productName = RxSwift;
		};
		4B4076D02B894209006B4F4B /* RxCocoa */ = {
			isa = XCSwiftPackageProductDependency;
			package = 4B0AF3F12B892A3E00F68A8F /* XCRemoteSwiftPackageReference "RxSwift" */;
			productName = RxCocoa;
		};
		4BA7D9152B8A9DFA00676F6F /* Lottie */ = {
			isa = XCSwiftPackageProductDependency;
			package = 4BA7D9142B8A9DFA00676F6F /* XCRemoteSwiftPackageReference "lottie-spm" */;
			productName = Lottie;
		};
		4BA7D9242B8AB1E900676F6F /* RxTest */ = {
			isa = XCSwiftPackageProductDependency;
			package = 4B0AF3F12B892A3E00F68A8F /* XCRemoteSwiftPackageReference "RxSwift" */;
			productName = RxTest;
		};
		4BA7D9262B8AB1E900676F6F /* RxTest-Dynamic */ = {
			isa = XCSwiftPackageProductDependency;
			package = 4B0AF3F12B892A3E00F68A8F /* XCRemoteSwiftPackageReference "RxSwift" */;
			productName = "RxTest-Dynamic";
		};
/* End XCSwiftPackageProductDependency section */
	};
	rootObject = 4B0AF3B62B89292100F68A8F /* Project object */;
}
